<?xml version="1.0" encoding="utf-8"?>
<Project ToolsVersion="4.0" xmlns="http://schemas.microsoft.com/developer/msbuild/2003">
  <ItemGroup>
    <Filter Include="Source Files">
      <UniqueIdentifier>{4FC737F1-C7A5-4376-A066-2A32D752A2FF}</UniqueIdentifier>
      <Extensions>cpp;c;cc;cxx;def;odl;idl;hpj;bat;asm;asmx</Extensions>
    </Filter>
    <Filter Include="Header Files">
      <UniqueIdentifier>{93995380-89BD-4b04-88EB-625FBE52EBFB}</UniqueIdentifier>
      <Extensions>h;hh;hpp;hxx;hm;inl;inc;xsd</Extensions>
    </Filter>
    <Filter Include="Resource Files">
      <UniqueIdentifier>{67DA6AB6-F800-4c08-8B7A-83BB121AAD01}</UniqueIdentifier>
      <Extensions>rc;ico;cur;bmp;dlg;rc2;rct;bin;rgs;gif;jpg;jpeg;jpe;resx;tiff;tif;png;wav;mfcribbon-ms</Extensions>
    </Filter>
    <Filter Include="Shaders">
      <UniqueIdentifier>{8e3cd0ca-5c7e-4f2c-a350-fbd7094a3349}</UniqueIdentifier>
    </Filter>
    <Filter Include="External">
      <UniqueIdentifier>{934bb9da-7470-49d3-b953-c990225fd46e}</UniqueIdentifier>
    </Filter>
  </ItemGroup>
  <ItemGroup>
    <ClCompile Include="mesh.cpp">
      <Filter>Source Files</Filter>
    </ClCompile>
    <ClCompile Include="simpleobject.cpp">
      <Filter>Source Files</Filter>
    </ClCompile>
    <ClCompile Include="SimpleQuad.cpp">
      <Filter>Source Files</Filter>
    </ClCompile>
    <ClCompile Include="DrawingHandler.cpp">
      <Filter>Source Files</Filter>
    </ClCompile>
    <ClCompile Include="Shader.cpp">
      <Filter>External</Filter>
    </ClCompile>
    <ClCompile Include="BaseCamera.cpp">
      <Filter>Source Files</Filter>
    </ClCompile>
    <ClCompile Include="FlyCamera.cpp">
      <Filter>Source Files</Filter>
    </ClCompile>
    <ClCompile Include="OBJObject.cpp">
      <Filter>Source Files</Filter>
    </ClCompile>
    <ClCompile Include="OBJMesh.cpp">
      <Filter>External</Filter>
    </ClCompile>
    <ClCompile Include="simpleBox.cpp">
      <Filter>Source Files</Filter>
    </ClCompile>
    <ClCompile Include="StaticCamera.cpp">
      <Filter>Source Files</Filter>
    </ClCompile>
  </ItemGroup>
  <ItemGroup>
    <ClInclude Include="mesh.h">
      <Filter>Header Files</Filter>
    </ClInclude>
    <ClInclude Include="simpleobject.h">
      <Filter>Header Files</Filter>
    </ClInclude>
    <ClInclude Include="SimpleQuad.h">
      <Filter>Header Files</Filter>
    </ClInclude>
    <ClInclude Include="DrawingHandler.h">
      <Filter>Header Files</Filter>
    </ClInclude>
    <ClInclude Include="Shader.h">
      <Filter>External</Filter>
    </ClInclude>
    <ClInclude Include="BaseCamera.h">
      <Filter>Header Files</Filter>
    </ClInclude>
    <ClInclude Include="FlyCamera.h">
      <Filter>Header Files</Filter>
    </ClInclude>
    <ClInclude Include="OBJobject.h">
      <Filter>Header Files</Filter>
    </ClInclude>
    <ClInclude Include="tiny_obj_loader.h">
      <Filter>External</Filter>
    </ClInclude>
    <ClInclude Include="OBJMesh.h">
      <Filter>External</Filter>
    </ClInclude>
    <ClInclude Include="simpleBox.h">
      <Filter>Header Files</Filter>
    </ClInclude>
    <ClInclude Include="StaticCamera.h">
      <Filter>Header Files</Filter>
    </ClInclude>
  </ItemGroup>
  <ItemGroup>
    <None Include="..\bin\shaders\advancedstuff.frag">
      <Filter>Shaders</Filter>
    </None>
    <None Include="..\bin\shaders\normalmap.frag">
      <Filter>Shaders</Filter>
    </None>
    <None Include="..\bin\shaders\normalmap.vert">
      <Filter>Shaders</Filter>
    </None>
    <None Include="..\bin\shaders\phong.frag">
      <Filter>Shaders</Filter>
    </None>
    <None Include="..\bin\shaders\phong.vert">
      <Filter>Shaders</Filter>
    </None>
    <None Include="..\bin\shaders\post.frag">
      <Filter>Shaders</Filter>
    </None>
    <None Include="..\bin\shaders\post.vert">
      <Filter>Shaders</Filter>
    </None>
    <None Include="..\bin\shaders\simple.frag">
      <Filter>Shaders</Filter>
    </None>
    <None Include="..\bin\shaders\simple.vert">
      <Filter>Shaders</Filter>
    </None>
    <None Include="..\bin\shaders\textured.frag">
      <Filter>Shaders</Filter>
    </None>
    <None Include="..\bin\shaders\textured.vert">
      <Filter>Shaders</Filter>
    </None>
  </ItemGroup>
</Project>